
Microsoft Visual Studio Solution File, Format Version 12.00
# Visual Studio 15
VisualStudioVersion = 15.0.27130.2027
MinimumVisualStudioVersion = 10.0.40219.1
Project("{FAE04EC0-301F-11D3-BF4B-00C04F79EFBC}") = "DeviceRemote.Android", "DeviceRemote\DeviceRemote.Android\DeviceRemote.Android.csproj", "{F233A4BC-AFBD-4EE4-A4A2-F33D6D148BCA}"
EndProject
Project("{FAE04EC0-301F-11D3-BF4B-00C04F79EFBC}") = "DeviceRemote.iOS", "DeviceRemote\DeviceRemote.iOS\DeviceRemote.iOS.csproj", "{FBF677CF-39D4-4ACF-AB99-219AEF0DB95D}"
EndProject
Project("{FAE04EC0-301F-11D3-BF4B-00C04F79EFBC}") = "DeviceRemote.UWP", "DeviceRemote\DeviceRemote.UWP\DeviceRemote.UWP.csproj", "{305C595E-17EB-4829-8D2B-7C1100DB6794}"
EndProject
Project("{FAE04EC0-301F-11D3-BF4B-00C04F79EFBC}") = "DeviceRemote", "DeviceRemote\DeviceRemote\DeviceRemote.csproj", "{19B55A2B-6A75-4B89-A264-0E26EAC260FE}"
EndProject
Global
	GlobalSection(SolutionConfigurationPlatforms) = preSolution
		Ad-Hoc|Any CPU = Ad-Hoc|Any CPU
		Ad-Hoc|ARM = Ad-Hoc|ARM
		Ad-Hoc|iPhone = Ad-Hoc|iPhone
		Ad-Hoc|iPhoneSimulator = Ad-Hoc|iPhoneSimulator
		Ad-Hoc|x64 = Ad-Hoc|x64
		Ad-Hoc|x86 = Ad-Hoc|x86
		AppStore|Any CPU = AppStore|Any CPU
		AppStore|ARM = AppStore|ARM
		AppStore|iPhone = AppStore|iPhone
		AppStore|iPhoneSimulator = AppStore|iPhoneSimulator
		AppStore|x64 = AppStore|x64
		AppStore|x86 = AppStore|x86
		Debug|Any CPU = Debug|Any CPU
		Debug|ARM = Debug|ARM
		Debug|iPhone = Debug|iPhone
		Debug|iPhoneSimulator = Debug|iPhoneSimulator
		Debug|x64 = Debug|x64
		Debug|x86 = Debug|x86
		Release|Any CPU = Release|Any CPU
		Release|ARM = Release|ARM
		Release|iPhone = Release|iPhone
		Release|iPhoneSimulator = Release|iPhoneSimulator
		Release|x64 = Release|x64
		Release|x86 = Release|x86
	EndGlobalSection
	GlobalSection(ProjectConfigurationPlatforms) = postSolution
		{F233A4BC-AFBD-4EE4-A4A2-F33D6D148BCA}.Ad-Hoc|Any CPU.ActiveCfg = Release|Any CPU
		{F233A4BC-AFBD-4EE4-A4A2-F33D6D148BCA}.Ad-Hoc|Any CPU.Build.0 = Release|Any CPU
		{F233A4BC-AFBD-4EE4-A4A2-F33D6D148BCA}.Ad-Hoc|Any CPU.Deploy.0 = Release|Any CPU
		{F233A4BC-AFBD-4EE4-A4A2-F33D6D148BCA}.Ad-Hoc|ARM.ActiveCfg = Release|Any CPU
		{F233A4BC-AFBD-4EE4-A4A2-F33D6D148BCA}.Ad-Hoc|ARM.Build.0 = Release|Any CPU
		{F233A4BC-AFBD-4EE4-A4A2-F33D6D148BCA}.Ad-Hoc|ARM.Deploy.0 = Release|Any CPU
		{F233A4BC-AFBD-4EE4-A4A2-F33D6D148BCA}.Ad-Hoc|iPhone.ActiveCfg = Release|Any CPU
		{F233A4BC-AFBD-4EE4-A4A2-F33D6D148BCA}.Ad-Hoc|iPhone.Build.0 = Release|Any CPU
		{F233A4BC-AFBD-4EE4-A4A2-F33D6D148BCA}.Ad-Hoc|iPhone.Deploy.0 = Release|Any CPU
		{F233A4BC-AFBD-4EE4-A4A2-F33D6D148BCA}.Ad-Hoc|iPhoneSimulator.ActiveCfg = Release|Any CPU
		{F233A4BC-AFBD-4EE4-A4A2-F33D6D148BCA}.Ad-Hoc|iPhoneSimulator.Build.0 = Release|Any CPU
		{F233A4BC-AFBD-4EE4-A4A2-F33D6D148BCA}.Ad-Hoc|iPhoneSimulator.Deploy.0 = Release|Any CPU
		{F233A4BC-AFBD-4EE4-A4A2-F33D6D148BCA}.Ad-Hoc|x64.ActiveCfg = Release|Any CPU
		{F233A4BC-AFBD-4EE4-A4A2-F33D6D148BCA}.Ad-Hoc|x64.Build.0 = Release|Any CPU
		{F233A4BC-AFBD-4EE4-A4A2-F33D6D148BCA}.Ad-Hoc|x64.Deploy.0 = Release|Any CPU
		{F233A4BC-AFBD-4EE4-A4A2-F33D6D148BCA}.Ad-Hoc|x86.ActiveCfg = Release|Any CPU
		{F233A4BC-AFBD-4EE4-A4A2-F33D6D148BCA}.Ad-Hoc|x86.Build.0 = Release|Any CPU
		{F233A4BC-AFBD-4EE4-A4A2-F33D6D148BCA}.Ad-Hoc|x86.Deploy.0 = Release|Any CPU
		{F233A4BC-AFBD-4EE4-A4A2-F33D6D148BCA}.AppStore|Any CPU.ActiveCfg = Release|Any CPU
		{F233A4BC-AFBD-4EE4-A4A2-F33D6D148BCA}.AppStore|Any CPU.Build.0 = Release|Any CPU
		{F233A4BC-AFBD-4EE4-A4A2-F33D6D148BCA}.AppStore|Any CPU.Deploy.0 = Release|Any CPU
		{F233A4BC-AFBD-4EE4-A4A2-F33D6D148BCA}.AppStore|ARM.ActiveCfg = Release|Any CPU
		{F233A4BC-AFBD-4EE4-A4A2-F33D6D148BCA}.AppStore|ARM.Build.0 = Release|Any CPU
		{F233A4BC-AFBD-4EE4-A4A2-F33D6D148BCA}.AppStore|ARM.Deploy.0 = Release|Any CPU
		{F233A4BC-AFBD-4EE4-A4A2-F33D6D148BCA}.AppStore|iPhone.ActiveCfg = Release|Any CPU
		{F233A4BC-AFBD-4EE4-A4A2-F33D6D148BCA}.AppStore|iPhone.Build.0 = Release|Any CPU
		{F233A4BC-AFBD-4EE4-A4A2-F33D6D148BCA}.AppStore|iPhone.Deploy.0 = Release|Any CPU
		{F233A4BC-AFBD-4EE4-A4A2-F33D6D148BCA}.AppStore|iPhoneSimulator.ActiveCfg = Release|Any CPU
		{F233A4BC-AFBD-4EE4-A4A2-F33D6D148BCA}.AppStore|iPhoneSimulator.Build.0 = Release|Any CPU
		{F233A4BC-AFBD-4EE4-A4A2-F33D6D148BCA}.AppStore|iPhoneSimulator.Deploy.0 = Release|Any CPU
		{F233A4BC-AFBD-4EE4-A4A2-F33D6D148BCA}.AppStore|x64.ActiveCfg = Release|Any CPU
		{F233A4BC-AFBD-4EE4-A4A2-F33D6D148BCA}.AppStore|x64.Build.0 = Release|Any CPU
		{F233A4BC-AFBD-4EE4-A4A2-F33D6D148BCA}.AppStore|x64.Deploy.0 = Release|Any CPU
		{F233A4BC-AFBD-4EE4-A4A2-F33D6D148BCA}.AppStore|x86.ActiveCfg = Release|Any CPU
		{F233A4BC-AFBD-4EE4-A4A2-F33D6D148BCA}.AppStore|x86.Build.0 = Release|Any CPU
		{F233A4BC-AFBD-4EE4-A4A2-F33D6D148BCA}.AppStore|x86.Deploy.0 = Release|Any CPU
		{F233A4BC-AFBD-4EE4-A4A2-F33D6D148BCA}.Debug|Any CPU.ActiveCfg = Debug|Any CPU
		{F233A4BC-AFBD-4EE4-A4A2-F33D6D148BCA}.Debug|Any CPU.Build.0 = Debug|Any CPU
		{F233A4BC-AFBD-4EE4-A4A2-F33D6D148BCA}.Debug|Any CPU.Deploy.0 = Debug|Any CPU
		{F233A4BC-AFBD-4EE4-A4A2-F33D6D148BCA}.Debug|ARM.ActiveCfg = Debug|Any CPU
		{F233A4BC-AFBD-4EE4-A4A2-F33D6D148BCA}.Debug|ARM.Build.0 = Debug|Any CPU
		{F233A4BC-AFBD-4EE4-A4A2-F33D6D148BCA}.Debug|ARM.Deploy.0 = Debug|Any CPU
		{F233A4BC-AFBD-4EE4-A4A2-F33D6D148BCA}.Debug|iPhone.ActiveCfg = Debug|Any CPU
		{F233A4BC-AFBD-4EE4-A4A2-F33D6D148BCA}.Debug|iPhone.Build.0 = Debug|Any CPU
		{F233A4BC-AFBD-4EE4-A4A2-F33D6D148BCA}.Debug|iPhone.Deploy.0 = Debug|Any CPU
		{F233A4BC-AFBD-4EE4-A4A2-F33D6D148BCA}.Debug|iPhoneSimulator.ActiveCfg = Debug|Any CPU
		{F233A4BC-AFBD-4EE4-A4A2-F33D6D148BCA}.Debug|iPhoneSimulator.Build.0 = Debug|Any CPU
		{F233A4BC-AFBD-4EE4-A4A2-F33D6D148BCA}.Debug|iPhoneSimulator.Deploy.0 = Debug|Any CPU
		{F233A4BC-AFBD-4EE4-A4A2-F33D6D148BCA}.Debug|x64.ActiveCfg = Debug|Any CPU
		{F233A4BC-AFBD-4EE4-A4A2-F33D6D148BCA}.Debug|x64.Build.0 = Debug|Any CPU
		{F233A4BC-AFBD-4EE4-A4A2-F33D6D148BCA}.Debug|x64.Deploy.0 = Debug|Any CPU
		{F233A4BC-AFBD-4EE4-A4A2-F33D6D148BCA}.Debug|x86.ActiveCfg = Debug|Any CPU
		{F233A4BC-AFBD-4EE4-A4A2-F33D6D148BCA}.Debug|x86.Build.0 = Debug|Any CPU
		{F233A4BC-AFBD-4EE4-A4A2-F33D6D148BCA}.Debug|x86.Deploy.0 = Debug|Any CPU
		{F233A4BC-AFBD-4EE4-A4A2-F33D6D148BCA}.Release|Any CPU.ActiveCfg = Release|Any CPU
		{F233A4BC-AFBD-4EE4-A4A2-F33D6D148BCA}.Release|Any CPU.Build.0 = Release|Any CPU
		{F233A4BC-AFBD-4EE4-A4A2-F33D6D148BCA}.Release|Any CPU.Deploy.0 = Release|Any CPU
		{F233A4BC-AFBD-4EE4-A4A2-F33D6D148BCA}.Release|ARM.ActiveCfg = Release|Any CPU
		{F233A4BC-AFBD-4EE4-A4A2-F33D6D148BCA}.Release|ARM.Build.0 = Release|Any CPU
		{F233A4BC-AFBD-4EE4-A4A2-F33D6D148BCA}.Release|ARM.Deploy.0 = Release|Any CPU
		{F233A4BC-AFBD-4EE4-A4A2-F33D6D148BCA}.Release|iPhone.ActiveCfg = Release|Any CPU
		{F233A4BC-AFBD-4EE4-A4A2-F33D6D148BCA}.Release|iPhone.Build.0 = Release|Any CPU
		{F233A4BC-AFBD-4EE4-A4A2-F33D6D148BCA}.Release|iPhone.Deploy.0 = Release|Any CPU
		{F233A4BC-AFBD-4EE4-A4A2-F33D6D148BCA}.Release|iPhoneSimulator.ActiveCfg = Release|Any CPU
		{F233A4BC-AFBD-4EE4-A4A2-F33D6D148BCA}.Release|iPhoneSimulator.Build.0 = Release|Any CPU
		{F233A4BC-AFBD-4EE4-A4A2-F33D6D148BCA}.Release|iPhoneSimulator.Deploy.0 = Release|Any CPU
		{F233A4BC-AFBD-4EE4-A4A2-F33D6D148BCA}.Release|x64.ActiveCfg = Release|Any CPU
		{F233A4BC-AFBD-4EE4-A4A2-F33D6D148BCA}.Release|x64.Build.0 = Release|Any CPU
		{F233A4BC-AFBD-4EE4-A4A2-F33D6D148BCA}.Release|x64.Deploy.0 = Release|Any CPU
		{F233A4BC-AFBD-4EE4-A4A2-F33D6D148BCA}.Release|x86.ActiveCfg = Release|Any CPU
		{F233A4BC-AFBD-4EE4-A4A2-F33D6D148BCA}.Release|x86.Build.0 = Release|Any CPU
		{F233A4BC-AFBD-4EE4-A4A2-F33D6D148BCA}.Release|x86.Deploy.0 = Release|Any CPU
		{FBF677CF-39D4-4ACF-AB99-219AEF0DB95D}.Ad-Hoc|Any CPU.ActiveCfg = Ad-Hoc|iPhone
		{FBF677CF-39D4-4ACF-AB99-219AEF0DB95D}.Ad-Hoc|ARM.ActiveCfg = Ad-Hoc|iPhone
		{FBF677CF-39D4-4ACF-AB99-219AEF0DB95D}.Ad-Hoc|iPhone.ActiveCfg = Ad-Hoc|iPhone
		{FBF677CF-39D4-4ACF-AB99-219AEF0DB95D}.Ad-Hoc|iPhone.Build.0 = Ad-Hoc|iPhone
		{FBF677CF-39D4-4ACF-AB99-219AEF0DB95D}.Ad-Hoc|iPhoneSimulator.ActiveCfg = Ad-Hoc|iPhoneSimulator
		{FBF677CF-39D4-4ACF-AB99-219AEF0DB95D}.Ad-Hoc|iPhoneSimulator.Build.0 = Ad-Hoc|iPhoneSimulator
		{FBF677CF-39D4-4ACF-AB99-219AEF0DB95D}.Ad-Hoc|x64.ActiveCfg = Ad-Hoc|iPhone
		{FBF677CF-39D4-4ACF-AB99-219AEF0DB95D}.Ad-Hoc|x86.ActiveCfg = Ad-Hoc|iPhone
		{FBF677CF-39D4-4ACF-AB99-219AEF0DB95D}.AppStore|Any CPU.ActiveCfg = AppStore|iPhone
		{FBF677CF-39D4-4ACF-AB99-219AEF0DB95D}.AppStore|ARM.ActiveCfg = AppStore|iPhone
		{FBF677CF-39D4-4ACF-AB99-219AEF0DB95D}.AppStore|iPhone.ActiveCfg = AppStore|iPhone
		{FBF677CF-39D4-4ACF-AB99-219AEF0DB95D}.AppStore|iPhone.Build.0 = AppStore|iPhone
		{FBF677CF-39D4-4ACF-AB99-219AEF0DB95D}.AppStore|iPhoneSimulator.ActiveCfg = AppStore|iPhoneSimulator
		{FBF677CF-39D4-4ACF-AB99-219AEF0DB95D}.AppStore|iPhoneSimulator.Build.0 = AppStore|iPhoneSimulator
		{FBF677CF-39D4-4ACF-AB99-219AEF0DB95D}.AppStore|x64.ActiveCfg = AppStore|iPhone
		{FBF677CF-39D4-4ACF-AB99-219AEF0DB95D}.AppStore|x86.ActiveCfg = AppStore|iPhone
		{FBF677CF-39D4-4ACF-AB99-219AEF0DB95D}.Debug|Any CPU.ActiveCfg = Debug|iPhone
		{FBF677CF-39D4-4ACF-AB99-219AEF0DB95D}.Debug|ARM.ActiveCfg = Debug|iPhone
		{FBF677CF-39D4-4ACF-AB99-219AEF0DB95D}.Debug|iPhone.ActiveCfg = Debug|iPhone
		{FBF677CF-39D4-4ACF-AB99-219AEF0DB95D}.Debug|iPhone.Build.0 = Debug|iPhone
		{FBF677CF-39D4-4ACF-AB99-219AEF0DB95D}.Debug|iPhoneSimulator.ActiveCfg = Debug|iPhoneSimulator
		{FBF677CF-39D4-4ACF-AB99-219AEF0DB95D}.Debug|iPhoneSimulator.Build.0 = Debug|iPhoneSimulator
		{FBF677CF-39D4-4ACF-AB99-219AEF0DB95D}.Debug|x64.ActiveCfg = Debug|iPhone
		{FBF677CF-39D4-4ACF-AB99-219AEF0DB95D}.Debug|x86.ActiveCfg = Debug|iPhone
		{FBF677CF-39D4-4ACF-AB99-219AEF0DB95D}.Release|Any CPU.ActiveCfg = Release|iPhone
		{FBF677CF-39D4-4ACF-AB99-219AEF0DB95D}.Release|ARM.ActiveCfg = Release|iPhone
		{FBF677CF-39D4-4ACF-AB99-219AEF0DB95D}.Release|iPhone.ActiveCfg = Release|iPhone
		{FBF677CF-39D4-4ACF-AB99-219AEF0DB95D}.Release|iPhone.Build.0 = Release|iPhone
		{FBF677CF-39D4-4ACF-AB99-219AEF0DB95D}.Release|iPhoneSimulator.ActiveCfg = Release|iPhoneSimulator
		{FBF677CF-39D4-4ACF-AB99-219AEF0DB95D}.Release|iPhoneSimulator.Build.0 = Release|iPhoneSimulator
		{FBF677CF-39D4-4ACF-AB99-219AEF0DB95D}.Release|x64.ActiveCfg = Release|iPhone
		{FBF677CF-39D4-4ACF-AB99-219AEF0DB95D}.Release|x86.ActiveCfg = Release|iPhone
		{305C595E-17EB-4829-8D2B-7C1100DB6794}.Ad-Hoc|Any CPU.ActiveCfg = Release|x86
		{305C595E-17EB-4829-8D2B-7C1100DB6794}.Ad-Hoc|Any CPU.Build.0 = Release|x86
		{305C595E-17EB-4829-8D2B-7C1100DB6794}.Ad-Hoc|Any CPU.Deploy.0 = Release|x86
		{305C595E-17EB-4829-8D2B-7C1100DB6794}.Ad-Hoc|ARM.ActiveCfg = Release|ARM
		{305C595E-17EB-4829-8D2B-7C1100DB6794}.Ad-Hoc|ARM.Build.0 = Release|ARM
		{305C595E-17EB-4829-8D2B-7C1100DB6794}.Ad-Hoc|ARM.Deploy.0 = Release|ARM
		{305C595E-17EB-4829-8D2B-7C1100DB6794}.Ad-Hoc|iPhone.ActiveCfg = Release|x86
		{305C595E-17EB-4829-8D2B-7C1100DB6794}.Ad-Hoc|iPhone.Build.0 = Release|x86
		{305C595E-17EB-4829-8D2B-7C1100DB6794}.Ad-Hoc|iPhone.Deploy.0 = Release|x86
		{305C595E-17EB-4829-8D2B-7C1100DB6794}.Ad-Hoc|iPhoneSimulator.ActiveCfg = Release|x86
		{305C595E-17EB-4829-8D2B-7C1100DB6794}.Ad-Hoc|iPhoneSimulator.Build.0 = Release|x86
		{305C595E-17EB-4829-8D2B-7C1100DB6794}.Ad-Hoc|iPhoneSimulator.Deploy.0 = Release|x86
		{305C595E-17EB-4829-8D2B-7C1100DB6794}.Ad-Hoc|x64.ActiveCfg = Release|x64
		{305C595E-17EB-4829-8D2B-7C1100DB6794}.Ad-Hoc|x64.Build.0 = Release|x64
		{305C595E-17EB-4829-8D2B-7C1100DB6794}.Ad-Hoc|x64.Deploy.0 = Release|x64
		{305C595E-17EB-4829-8D2B-7C1100DB6794}.Ad-Hoc|x86.ActiveCfg = Release|x86
		{305C595E-17EB-4829-8D2B-7C1100DB6794}.Ad-Hoc|x86.Build.0 = Release|x86
		{305C595E-17EB-4829-8D2B-7C1100DB6794}.Ad-Hoc|x86.Deploy.0 = Release|x86
		{305C595E-17EB-4829-8D2B-7C1100DB6794}.AppStore|Any CPU.ActiveCfg = Release|x86
		{305C595E-17EB-4829-8D2B-7C1100DB6794}.AppStore|Any CPU.Build.0 = Release|x86
		{305C595E-17EB-4829-8D2B-7C1100DB6794}.AppStore|Any CPU.Deploy.0 = Release|x86
		{305C595E-17EB-4829-8D2B-7C1100DB6794}.AppStore|ARM.ActiveCfg = Release|ARM
		{305C595E-17EB-4829-8D2B-7C1100DB6794}.AppStore|ARM.Build.0 = Release|ARM
		{305C595E-17EB-4829-8D2B-7C1100DB6794}.AppStore|ARM.Deploy.0 = Release|ARM
		{305C595E-17EB-4829-8D2B-7C1100DB6794}.AppStore|iPhone.ActiveCfg = Release|x86
		{305C595E-17EB-4829-8D2B-7C1100DB6794}.AppStore|iPhone.Build.0 = Release|x86
		{305C595E-17EB-4829-8D2B-7C1100DB6794}.AppStore|iPhone.Deploy.0 = Release|x86
		{305C595E-17EB-4829-8D2B-7C1100DB6794}.AppStore|iPhoneSimulator.ActiveCfg = Release|x86
		{305C595E-17EB-4829-8D2B-7C1100DB6794}.AppStore|iPhoneSimulator.Build.0 = Release|x86
		{305C595E-17EB-4829-8D2B-7C1100DB6794}.AppStore|iPhoneSimulator.Deploy.0 = Release|x86
		{305C595E-17EB-4829-8D2B-7C1100DB6794}.AppStore|x64.ActiveCfg = Release|x64
		{305C595E-17EB-4829-8D2B-7C1100DB6794}.AppStore|x64.Build.0 = Release|x64
		{305C595E-17EB-4829-8D2B-7C1100DB6794}.AppStore|x64.Deploy.0 = Release|x64
		{305C595E-17EB-4829-8D2B-7C1100DB6794}.AppStore|x86.ActiveCfg = Release|x86
		{305C595E-17EB-4829-8D2B-7C1100DB6794}.AppStore|x86.Build.0 = Release|x86
		{305C595E-17EB-4829-8D2B-7C1100DB6794}.AppStore|x86.Deploy.0 = Release|x86
		{305C595E-17EB-4829-8D2B-7C1100DB6794}.Debug|Any CPU.ActiveCfg = Debug|x86
		{305C595E-17EB-4829-8D2B-7C1100DB6794}.Debug|ARM.ActiveCfg = Debug|ARM
		{305C595E-17EB-4829-8D2B-7C1100DB6794}.Debug|ARM.Build.0 = Debug|ARM
		{305C595E-17EB-4829-8D2B-7C1100DB6794}.Debug|ARM.Deploy.0 = Debug|ARM
		{305C595E-17EB-4829-8D2B-7C1100DB6794}.Debug|iPhone.ActiveCfg = Debug|x86
		{305C595E-17EB-4829-8D2B-7C1100DB6794}.Debug|iPhoneSimulator.ActiveCfg = Debug|x86
		{305C595E-17EB-4829-8D2B-7C1100DB6794}.Debug|x64.ActiveCfg = Debug|x64
		{305C595E-17EB-4829-8D2B-7C1100DB6794}.Debug|x64.Build.0 = Debug|x64
		{305C595E-17EB-4829-8D2B-7C1100DB6794}.Debug|x64.Deploy.0 = Debug|x64
		{305C595E-17EB-4829-8D2B-7C1100DB6794}.Debug|x86.ActiveCfg = Debug|x86
		{305C595E-17EB-4829-8D2B-7C1100DB6794}.Debug|x86.Build.0 = Debug|x86
		{305C595E-17EB-4829-8D2B-7C1100DB6794}.Debug|x86.Deploy.0 = Debug|x86
		{305C595E-17EB-4829-8D2B-7C1100DB6794}.Release|Any CPU.ActiveCfg = Release|x86
		{305C595E-17EB-4829-8D2B-7C1100DB6794}.Release|ARM.ActiveCfg = Release|ARM
		{305C595E-17EB-4829-8D2B-7C1100DB6794}.Release|ARM.Build.0 = Release|ARM
		{305C595E-17EB-4829-8D2B-7C1100DB6794}.Release|ARM.Deploy.0 = Release|ARM
		{305C595E-17EB-4829-8D2B-7C1100DB6794}.Release|iPhone.ActiveCfg = Release|x86
		{305C595E-17EB-4829-8D2B-7C1100DB6794}.Release|iPhoneSimulator.ActiveCfg = Release|x86
		{305C595E-17EB-4829-8D2B-7C1100DB6794}.Release|x64.ActiveCfg = Release|x64
		{305C595E-17EB-4829-8D2B-7C1100DB6794}.Release|x64.Build.0 = Release|x64
		{305C595E-17EB-4829-8D2B-7C1100DB6794}.Release|x64.Deploy.0 = Release|x64
		{305C595E-17EB-4829-8D2B-7C1100DB6794}.Release|x86.ActiveCfg = Release|x86
		{305C595E-17EB-4829-8D2B-7C1100DB6794}.Release|x86.Build.0 = Release|x86
		{305C595E-17EB-4829-8D2B-7C1100DB6794}.Release|x86.Deploy.0 = Release|x86
		{19B55A2B-6A75-4B89-A264-0E26EAC260FE}.Ad-Hoc|Any CPU.ActiveCfg = Debug|Any CPU
		{19B55A2B-6A75-4B89-A264-0E26EAC260FE}.Ad-Hoc|Any CPU.Build.0 = Debug|Any CPU
		{19B55A2B-6A75-4B89-A264-0E26EAC260FE}.Ad-Hoc|ARM.ActiveCfg = Debug|Any CPU
		{19B55A2B-6A75-4B89-A264-0E26EAC260FE}.Ad-Hoc|ARM.Build.0 = Debug|Any CPU
		{19B55A2B-6A75-4B89-A264-0E26EAC260FE}.Ad-Hoc|iPhone.ActiveCfg = Debug|Any CPU
		{19B55A2B-6A75-4B89-A264-0E26EAC260FE}.Ad-Hoc|iPhone.Build.0 = Debug|Any CPU
		{19B55A2B-6A75-4B89-A264-0E26EAC260FE}.Ad-Hoc|iPhoneSimulator.ActiveCfg = Debug|Any CPU
		{19B55A2B-6A75-4B89-A264-0E26EAC260FE}.Ad-Hoc|iPhoneSimulator.Build.0 = Debug|Any CPU
		{19B55A2B-6A75-4B89-A264-0E26EAC260FE}.Ad-Hoc|x64.ActiveCfg = Debug|Any CPU
		{19B55A2B-6A75-4B89-A264-0E26EAC260FE}.Ad-Hoc|x64.Build.0 = Debug|Any CPU
		{19B55A2B-6A75-4B89-A264-0E26EAC260FE}.Ad-Hoc|x86.ActiveCfg = Debug|Any CPU
		{19B55A2B-6A75-4B89-A264-0E26EAC260FE}.Ad-Hoc|x86.Build.0 = Debug|Any CPU
		{19B55A2B-6A75-4B89-A264-0E26EAC260FE}.AppStore|Any CPU.ActiveCfg = Debug|Any CPU
		{19B55A2B-6A75-4B89-A264-0E26EAC260FE}.AppStore|Any CPU.Build.0 = Debug|Any CPU
		{19B55A2B-6A75-4B89-A264-0E26EAC260FE}.AppStore|ARM.ActiveCfg = Debug|Any CPU
		{19B55A2B-6A75-4B89-A264-0E26EAC260FE}.AppStore|ARM.Build.0 = Debug|Any CPU
		{19B55A2B-6A75-4B89-A264-0E26EAC260FE}.AppStore|iPhone.ActiveCfg = Debug|Any CPU
		{19B55A2B-6A75-4B89-A264-0E26EAC260FE}.AppStore|iPhone.Build.0 = Debug|Any CPU
		{19B55A2B-6A75-4B89-A264-0E26EAC260FE}.AppStore|iPhoneSimulator.ActiveCfg = Debug|Any CPU
		{19B55A2B-6A75-4B89-A264-0E26EAC260FE}.AppStore|iPhoneSimulator.Build.0 = Debug|Any CPU
		{19B55A2B-6A75-4B89-A264-0E26EAC260FE}.AppStore|x64.ActiveCfg = Debug|Any CPU
		{19B55A2B-6A75-4B89-A264-0E26EAC260FE}.AppStore|x64.Build.0 = Debug|Any CPU
		{19B55A2B-6A75-4B89-A264-0E26EAC260FE}.AppStore|x86.ActiveCfg = Debug|Any CPU
		{19B55A2B-6A75-4B89-A264-0E26EAC260FE}.AppStore|x86.Build.0 = Debug|Any CPU
		{19B55A2B-6A75-4B89-A264-0E26EAC260FE}.Debug|Any CPU.ActiveCfg = Debug|Any CPU
		{19B55A2B-6A75-4B89-A264-0E26EAC260FE}.Debug|Any CPU.Build.0 = Debug|Any CPU
		{19B55A2B-6A75-4B89-A264-0E26EAC260FE}.Debug|ARM.ActiveCfg = Debug|Any CPU
		{19B55A2B-6A75-4B89-A264-0E26EAC260FE}.Debug|ARM.Build.0 = Debug|Any CPU
		{19B55A2B-6A75-4B89-A264-0E26EAC260FE}.Debug|iPhone.ActiveCfg = Debug|Any CPU
		{19B55A2B-6A75-4B89-A264-0E26EAC260FE}.Debug|iPhone.Build.0 = Debug|Any CPU
		{19B55A2B-6A75-4B89-A264-0E26EAC260FE}.Debug|iPhoneSimulator.ActiveCfg = Debug|Any CPU
		{19B55A2B-6A75-4B89-A264-0E26EAC260FE}.Debug|iPhoneSimulator.Build.0 = Debug|Any CPU
		{19B55A2B-6A75-4B89-A264-0E26EAC260FE}.Debug|x64.ActiveCfg = Debug|Any CPU
		{19B55A2B-6A75-4B89-A264-0E26EAC260FE}.Debug|x64.Build.0 = Debug|Any CPU
		{19B55A2B-6A75-4B89-A264-0E26EAC260FE}.Debug|x86.ActiveCfg = Debug|Any CPU
		{19B55A2B-6A75-4B89-A264-0E26EAC260FE}.Debug|x86.Build.0 = Debug|Any CPU
		{19B55A2B-6A75-4B89-A264-0E26EAC260FE}.Release|Any CPU.ActiveCfg = Release|Any CPU
		{19B55A2B-6A75-4B89-A264-0E26EAC260FE}.Release|Any CPU.Build.0 = Release|Any CPU
		{19B55A2B-6A75-4B89-A264-0E26EAC260FE}.Release|ARM.ActiveCfg = Release|Any CPU
		{19B55A2B-6A75-4B89-A264-0E26EAC260FE}.Release|ARM.Build.0 = Release|Any CPU
		{19B55A2B-6A75-4B89-A264-0E26EAC260FE}.Release|iPhone.ActiveCfg = Release|Any CPU
		{19B55A2B-6A75-4B89-A264-0E26EAC260FE}.Release|iPhone.Build.0 = Release|Any CPU
		{19B55A2B-6A75-4B89-A264-0E26EAC260FE}.Release|iPhoneSimulator.ActiveCfg = Release|Any CPU
		{19B55A2B-6A75-4B89-A264-0E26EAC260FE}.Release|iPhoneSimulator.Build.0 = Release|Any CPU
		{19B55A2B-6A75-4B89-A264-0E26EAC260FE}.Release|x64.ActiveCfg = Release|Any CPU
		{19B55A2B-6A75-4B89-A264-0E26EAC260FE}.Release|x64.Build.0 = Release|Any CPU
		{19B55A2B-6A75-4B89-A264-0E26EAC260FE}.Release|x86.ActiveCfg = Release|Any CPU
		{19B55A2B-6A75-4B89-A264-0E26EAC260FE}.Release|x86.Build.0 = Release|Any CPU
	EndGlobalSection
	GlobalSection(SolutionProperties) = preSolution
		HideSolutionNode = FALSE
	EndGlobalSection
	GlobalSection(ExtensibilityGlobals) = postSolution
		SolutionGuid = {746F1F92-5FBB-4E74-B019-9C07C296A3B8}
	EndGlobalSection
EndGlobal
